
Microsoft Visual Studio Solution File, Format Version 12.00
# Visual Studio Version 17
VisualStudioVersion = 17.5.002.0
MinimumVisualStudioVersion = 10.0.40219.1
Project("{9A19103F-16F7-4668-BE54-9A1E7A4F7556}") = "TASK8", "TASK8.csproj", "{4A9266C7-B001-43EA-87B4-0687B353F33F}"
EndProject
Global
	GlobalSection(SolutionConfigurationPlatforms) = preSolution
		Debug|Any CPU = Debug|Any CPU
		Release|Any CPU = Release|Any CPU
	EndGlobalSection
	GlobalSection(ProjectConfigurationPlatforms) = postSolution
		{4A9266C7-B001-43EA-87B4-0687B353F33F}.Debug|Any CPU.ActiveCfg = Debug|Any CPU
		{4A9266C7-B001-43EA-87B4-0687B353F33F}.Debug|Any CPU.Build.0 = Debug|Any CPU
		{4A9266C7-B001-43EA-87B4-0687B353F33F}.Release|Any CPU.ActiveCfg = Release|Any CPU
		{4A9266C7-B001-43EA-87B4-0687B353F33F}.Release|Any CPU.Build.0 = Release|Any CPU
	EndGlobalSection
	GlobalSection(SolutionProperties) = preSolution
		HideSolutionNode = FALSE
	EndGlobalSection
	GlobalSection(ExtensibilityGlobals) = postSolution
		SolutionGuid = {506B665C-97C4-472D-9061-166A0E3D0101}
	EndGlobalSection
EndGlobal
